
Microsoft Visual Studio Solution File, Format Version 12.00
# Visual Studio Version 16
VisualStudioVersion = 25.0.1700.0
MinimumVisualStudioVersion = 10.0.40219.1
Project("{FAE04EC0-301F-11D3-BF4B-00C04F79EFBC}") = "DoggyDaycare", "DoggyDaycare\DoggyDaycare.csproj", "{C99F9ED1-4998-45BC-B30B-CB1A8C480C16}"
EndProject
Global
	GlobalSection(SolutionConfigurationPlatforms) = preSolution
		Debug|Any CPU = Debug|Any CPU
		Release|Any CPU = Release|Any CPU
	EndGlobalSection
	GlobalSection(ProjectConfigurationPlatforms) = postSolution
		{C99F9ED1-4998-45BC-B30B-CB1A8C480C16}.Debug|Any CPU.ActiveCfg = Debug|Any CPU
		{C99F9ED1-4998-45BC-B30B-CB1A8C480C16}.Debug|Any CPU.Build.0 = Debug|Any CPU
		{C99F9ED1-4998-45BC-B30B-CB1A8C480C16}.Release|Any CPU.ActiveCfg = Release|Any CPU
		{C99F9ED1-4998-45BC-B30B-CB1A8C480C16}.Release|Any CPU.Build.0 = Release|Any CPU
	EndGlobalSection
	GlobalSection(SolutionProperties) = preSolution
		HideSolutionNode = FALSE
	EndGlobalSection
	GlobalSection(ExtensibilityGlobals) = postSolution
		SolutionGuid = {E32E4AAE-1D13-4919-A2A9-ED49A532046F}
	EndGlobalSection
EndGlobal
